{
  "name": "launchbar-node",
  "version": "2.2.2",
  "lockfileVersion": 1,
  "requires": true,
  "dependencies": {
    "@roeybiran/launchbar-env": {
      "version": "1.0.0",
      "resolved": "https://registry.npmjs.org/@roeybiran/launchbar-env/-/launchbar-env-1.0.0.tgz",
      "integrity": "sha512-CCMPG4NE/kYbP7PNgwDSE9eFuyu/gB+4GG3k7i2PT+ghcjkhEz2l5X33sNUrdAvpuzBADrRiIoDgLLAOWH4BNA=="
    },
    "@roeybiran/task": {
      "version": "1.0.0",
      "resolved": "https://registry.npmjs.org/@roeybiran/task/-/task-1.0.0.tgz",
      "integrity": "sha512-VXh2TdGhcJi0dNpGF1ndChsvdjP/cJxgmtMOnWpOqeq5jfm7GjF/ccXdi0QN99XHFaGo9QGGvMVYwgrvABk6Uw=="
    },
    "escape-string-applescript": {
      "version": "2.0.0",
      "resolved": "https://registry.npmjs.org/escape-string-applescript/-/escape-string-applescript-2.0.0.tgz",
      "integrity": "sha1-dgvKg4Zo5Aj+XuUs5CyvfLRsUnM="
    }
  }
}
